
Microsoft Visual Studio Solution File, Format Version 12.00
# Visual Studio Version 16
VisualStudioVersion = 16.0.31313.79
MinimumVisualStudioVersion = 10.0.40219.1
Project("{FAE04EC0-301F-11D3-BF4B-00C04F79EFBC}") = "WPF_Pasterizators", "WPF_Pasterizators\WPF_Pasterizators.csproj", "{AB379B51-510A-4943-AF7F-9E8DA444E905}"
EndProject
Global
	GlobalSection(SolutionConfigurationPlatforms) = preSolution
		Debug|Any CPU = Debug|Any CPU
		Release|Any CPU = Release|Any CPU
	EndGlobalSection
	GlobalSection(ProjectConfigurationPlatforms) = postSolution
		{AB379B51-510A-4943-AF7F-9E8DA444E905}.Debug|Any CPU.ActiveCfg = Debug|Any CPU
		{AB379B51-510A-4943-AF7F-9E8DA444E905}.Debug|Any CPU.Build.0 = Debug|Any CPU
		{AB379B51-510A-4943-AF7F-9E8DA444E905}.Release|Any CPU.ActiveCfg = Release|Any CPU
		{AB379B51-510A-4943-AF7F-9E8DA444E905}.Release|Any CPU.Build.0 = Release|Any CPU
	EndGlobalSection
	GlobalSection(SolutionProperties) = preSolution
		HideSolutionNode = FALSE
	EndGlobalSection
	GlobalSection(ExtensibilityGlobals) = postSolution
		SolutionGuid = {60EE09A1-176D-4A2F-9228-DCA91B2CFEC6}
	EndGlobalSection
EndGlobal
