
Microsoft Visual Studio Solution File, Format Version 12.00
# Visual Studio Version 16
VisualStudioVersion = 16.0.29926.136
MinimumVisualStudioVersion = 10.0.40219.1
Project("{FAE04EC0-301F-11D3-BF4B-00C04F79EFBC}") = "NewDL", "NewDL\NewDL.csproj", "{98A01CC9-BD3B-46B0-A80C-7548A73F9DCF}"
EndProject
Global
	GlobalSection(SolutionConfigurationPlatforms) = preSolution
		Debug|Any CPU = Debug|Any CPU
		Debug|x86 = Debug|x86
		Release|Any CPU = Release|Any CPU
		Release|x86 = Release|x86
	EndGlobalSection
	GlobalSection(ProjectConfigurationPlatforms) = postSolution
		{98A01CC9-BD3B-46B0-A80C-7548A73F9DCF}.Debug|Any CPU.ActiveCfg = Debug|Any CPU
		{98A01CC9-BD3B-46B0-A80C-7548A73F9DCF}.Debug|Any CPU.Build.0 = Debug|Any CPU
		{98A01CC9-BD3B-46B0-A80C-7548A73F9DCF}.Debug|x86.ActiveCfg = Debug|x86
		{98A01CC9-BD3B-46B0-A80C-7548A73F9DCF}.Debug|x86.Build.0 = Debug|x86
		{98A01CC9-BD3B-46B0-A80C-7548A73F9DCF}.Release|Any CPU.ActiveCfg = Release|Any CPU
		{98A01CC9-BD3B-46B0-A80C-7548A73F9DCF}.Release|Any CPU.Build.0 = Release|Any CPU
		{98A01CC9-BD3B-46B0-A80C-7548A73F9DCF}.Release|x86.ActiveCfg = Release|x86
		{98A01CC9-BD3B-46B0-A80C-7548A73F9DCF}.Release|x86.Build.0 = Release|x86
	EndGlobalSection
	GlobalSection(SolutionProperties) = preSolution
		HideSolutionNode = FALSE
	EndGlobalSection
	GlobalSection(ExtensibilityGlobals) = postSolution
		SolutionGuid = {6523D890-DB9A-4DCA-83A7-5606426FBE36}
	EndGlobalSection
EndGlobal
